lockfileVersion: '9.0'

settings:
  autoInstallPeers: true
  excludeLinksFromLockfile: false

importers:

  .:
    dependencies:
      class-variance-authority:
        specifier: ^0.7.1
        version: 0.7.1
      clsx:
        specifier: ^2.1.1
        version: 2.1.1
      lucide-react:
        specifier: ^0.564.0
        version: 0.564.0(react@19.2.3)
      next:
        specifier: 16.2.10
        version: 16.2.10(@babel/core@7.29.7)(react-dom@19.2.3(react@19.2.3))(react@19.2.3)
      react:
        specifier: 19.2.3
        version: 19.2.3
      react-dom:
        specifier: 19.2.3
        version: 19.2.3(react@19.2.3)
      tailwind-merge:
        specifier: ^3.4.1
        version: 3.6.0
    devDependencies:
      '@tailwindcss/postcss':
        specifier: ^4
        version: 4.3.2
      '@types/node':
        specifier: ^20
        version: 20.19.43
      '@types/react':
        specifier: ^19
        version: 19.2.17
      '@types/react-dom':
        specifier: ^19
        version: 19.2.3(@types/react@19.2.17)
      eslint:
        specifier: ^9
        version: 9.39.5(jiti@2.7.0)
      eslint-config-next:
        specifier: 16.2.10
        version: 16.2.10(@typescript-eslint/parser@8.64.0(eslint@9.39.5(jiti@2.7.0))(typescript@5.9.3))(eslint@9.39.5(jiti@2.7.0))(typescript@5.9.3)
      tailwindcss:
        specifier: ^4
        version: 4.3.2
      typescript:
        specifier: ^5
        version: 5.9.3

packages:

  '@alloc/quick-lru@5.2.0':
    resolution: {integrity: sha512-UrcABB+4bUrFABwbluTIBErXwvbsU/V7TZWfmbgJfbkwiBuziS9gxdODUyuiecfdGQ85jglMW6juS3+z5TsKLw==}
    engines: {node: '>=10'}

  '@babel/code-frame@7.29.7':
    resolution: {integrity: sha512-Aup7aUOfpbAUg2ROOJN6Iw5f9DMBlzu0mIkm/malLQFN/YQgO48wCj0Kxa3sEHJvPVFg7siR+qRInwXd2qhQKw==}
    engines: {node: '>=6.9.0'}

  '@babel/compat-data@7.29.7':
    resolution: {integrity: sha512-locTkQyKvwIEgBzVrn8693ebc97F2U8ZHjbXwDXJ5Fn2TCpNwTlKcaKLkdHop5c/icOFE7qt7Q9JC5hnKNa6Gg==}
    engines: {node: '>=6.9.0'}

  '@babel/core@7.29.7':
    resolution: {integrity: sha512-RgHBCvtjbOK2gXSNBNIkNoEc9qoVEtau3hj8gEqKQuL3HZAibKarWFEI3Lfm6EYKkLalOh8eSrj9b+ch9H/VBA==}
    engines: {node: '>=6.9.0'}

  '@babel/generator@7.29.7':
    resolution: {integrity: sha512-DkXD5OJQaAQIdZ1bt3UZdEnHAn9Imd3IVBdX03UFe+ony9Ojw5pzr9YVKGDY1jt+Gcn/FnGkNf8r+Vj5NOJWtQ==}
    engines: {node: '>=6.9.0'}

  '@babel/helper-compilation-targets@7.29.7':
    resolution: {integrity: sha512-wem6WaBj4NaVYVdNhLPPVacES6ZJ+KBBfSkTMD3YZxbP3rm3Di85tJU5ljaUNhaOynt+Aj0xruhYuzQBt8n71g==}
    engines: {node: '>=6.9.0'}

  '@babel/helper-globals@7.29.7':
    resolution: {integrity: sha512-3nQVUAtvkKH9zahfWgw96Jc/uFOmjACE1kQz82E2lqWmHBgjzbNlsC22nuQTfahmWeQtTq5nQ/4Nnd2A1wj4zA==}
    engines: {node: '>=6.9.0'}

  '@babel/helper-module-imports@7.29.7':
    resolution: {integrity: sha512-ejHwrQQYcm9xnTivShn2IDOlIzInN34AXskvq9QicvCtEzq1Vzclu/tKF8Jq1Cg8JG2GL6/EmjgsCT7lXepE3g==}
    engines: {node: '>=6.9.0'}

  '@babel/helper-module-transforms@7.29.7':
    resolution: {integrity: sha512-UPUVSyXbOh627KiCIGQSgwWzGeBKLkaJ9PJEdrngIwMSzxLR4jS4+f1f1jb7VzBbg8nFLaYotvVPFCTqdrmTAg==}
    engines: {node: '>=6.9.0'}
    peerDependencies:
      '@babel/core': ^7.0.0

  '@babel/helper-string-parser@7.29.7':
    resolution: {integrity: sha512-Pb5ijPrZ89GDH8223L4UP8i6QApWxs04RbPQJTeWDV0/keR2E36MeKnyr6LYmUUvqRRI+Iv87SuF1W6ErINzYw==}
    engines: {node: '>=6.9.0'}

  '@babel/helper-validator-identifier@7.29.7':
    resolution: {integrity: sha512-qehxGkRj55h/ff8EMaJ+cYhyaKlHIxqYDn682wQD7RNp9UujOQsHog2uS0r2vzr4pW+sXf90NeeayjcNaX3fFg==}
    engines: {node: '>=6.9.0'}

  '@babel/helper-validator-option@7.29.7':
    resolution: {integrity: sha512-N9ZErrD+yW5geCDtBqnOoxmR8+tNKiGuxKlDpuJxfsqpa2dFcexaziGAE/qoHLiDDreVNMupxGmSoNlyvsA3gw==}
    engines: {node: '>=6.9.0'}

  '@babel/helpers@7.29.7':
    resolution: {integrity: sha512-1k2lAGRMfHTcwuNYcCNUmaUffmQv8KWMfh2iJUUeRlwlwH4FdNG7mfPI10NPfLHJFThE4Tyr4mv7kTNZOiPuBg==}
    engines: {node: '>=6.9.0'}

  '@babel/parser@7.29.7':
    resolution: {integrity: sha512-hnORnjP/1P/zFEndoeX+n+t1RwWRJiJpM/jO7FW32Kn9r5+sJB2JWOdYo4L6k78j15eCwY3Gm/7364B1EMwtNg==}
    engines: {node: '>=6.0.0'}
    hasBin: true

  '@babel/template@7.29.7':
    resolution: {integrity: sha512-puq+Gf35oI24FeN11LkoUQFqv9uwNeWpxXZi/Ji3rRIoKAzKnxRaZ+Gkj0vKS9ZCiTESfng1N9LyOyXvo+m+Gg==}
    engines: {node: '>=6.9.0'}

  '@babel/traverse@7.29.7':
    resolution: {integrity: sha512-EhlfNQtZ+NK22w5BM61ciuiq1m58ed33Wr1Xan//ZRTy6hgjnwyCffRYwzsGXdASJSUJ1guZILsErh1eQcl+zw==}
    engines: {node: '>=6.9.0'}

  '@babel/types@7.29.7':
    resolution: {integrity: sha512-4zBIxpPzowiZpusoFkyGVwakdRJUyuH5PxQ/PrqghfdFWWasvnCdPfQXHrenDai+gyLARulZjZowCOj6fjT4pA==}
    engines: {node: '>=6.9.0'}

  '@emnapi/core@1.10.0':
    resolution: {integrity: sha512-yq6OkJ4p82CAfPl0u9mQebQHKPJkY7WrIuk205cTYnYe+k2Z8YBh11FrbRG/H6ihirqcacOgl2BIO8oyMQLeXw==}

  '@emnapi/runtime@1.10.0':
    resolution: {integrity: sha512-ewvYlk86xUoGI0zQRNq/mC+16R1QeDlKQy21Ki3oSYXNgLb45GV1P6A0M+/s6nyCuNDqe5VpaY84BzXGwVbwFA==}

  '@emnapi/runtime@1.11.2':
    resolution: {integrity: sha512-kyOl3X0DuTiT1h2ft8r2fYO8JYtU9a9Xis/zBSiGArNaagCOWx90N1k2wxp18czFDH+OgcWGb5ZP/XMt3dcyPA==}

  '@emnapi/wasi-threads@1.2.1':
    resolution: {integrity: sha512-uTII7OYF+/Mes/MrcIOYp5yOtSMLBWSIoLPpcgwipoiKbli6k322tcoFsxoIIxPDqW01SQGAgko4EzZi2BNv2w==}

  '@eslint-community/eslint-utils@4.9.1':
    resolution: {integrity: sha512-phrYmNiYppR7znFEdqgfWHXR6NCkZEK7hwWDHZUjit/2/U0r6XvkDl0SYnoM51Hq7FhCGdLDT6zxCCOY1hexsQ==}
    engines: {node: ^12.22.0 || ^14.17.0 || >=16.0.0}
    peerDependencies:
      eslint: ^6.0.0 || ^7.0.0 || >=8.0.0

  '@eslint-community/regexpp@4.12.2':
    resolution: {integrity: sha512-EriSTlt5OC9/7SXkRSCAhfSxxoSUgBm33OH+IkwbdpgoqsSsUg7y3uh+IICI/Qg4BBWr3U2i39RpmycbxMq4ew==}
    engines: {node: ^12.0.0 || ^14.0.0 || >=16.0.0}

  '@eslint/config-array@0.21.2':
    resolution: {integrity: sha512-nJl2KGTlrf9GjLimgIru+V/mzgSK0ABCDQRvxw5BjURL7WfH5uoWmizbH7QB6MmnMBd8cIC9uceWnezL1VZWWw==}
    engines: {node: ^18.18.0 || ^20.9.0 || >=21.1.0}

  '@eslint/config-helpers@0.4.2':
    resolution: {integrity: sha512-gBrxN88gOIf3R7ja5K9slwNayVcZgK6SOUORm2uBzTeIEfeVaIhOpCtTox3P6R7o2jLFwLFTLnC7kU/RGcYEgw==}
    engines: {node: ^18.18.0 || ^20.9.0 || >=21.1.0}

  '@eslint/core@0.17.0':
    resolution: {integrity: sha512-yL/sLrpmtDaFEiUj1osRP4TI2MDz1AddJL+jZ7KSqvBuliN4xqYY54IfdN8qD8Toa6g1iloph1fxQNkjOxrrpQ==}
    engines: {node: ^18.18.0 || ^20.9.0 || >=21.1.0}

  '@eslint/eslintrc@3.3.6':
    resolution: {integrity: sha512-l2Ul9PrHsPCKcEY/ac7VgFj9D80C7S68sOKc618SyHDPK36s1XcFebXY0iTzUVn4Yq+YbwvSnDmCz9yxjX+QrA==}
    engines: {node: ^18.18.0 || ^20.9.0 || >=21.1.0}

  '@eslint/js@9.39.5':
    resolution: {integrity: sha512-QywQuszQh77pIXCsq998c8hbhSTI/azTty1Z6N53dmAudKHhy573j3yvRLsX2BSp8YpLtoCEG8E9DJe+8zUh4A==}
    engines: {node: ^18.18.0 || ^20.9.0 || >=21.1.0}

  '@eslint/object-schema@2.1.7':
    resolution: {integrity: sha512-VtAOaymWVfZcmZbp6E2mympDIHvyjXs/12LqWYjVw6qjrfF+VK+fyG33kChz3nnK+SU5/NeHOqrTEHS8sXO3OA==}
    engines: {node: ^18.18.0 || ^20.9.0 || >=21.1.0}

  '@eslint/plugin-kit@0.4.1':
    resolution: {integrity: sha512-43/qtrDUokr7LJqoF2c3+RInu/t4zfrpYdoSDfYyhg52rwLV6TnOvdG4fXm7IkSB3wErkcmJS9iEhjVtOSEjjA==}
    engines: {node: ^18.18.0 || ^20.9.0 || >=21.1.0}

  '@humanfs/core@0.19.2':
    resolution: {integrity: sha512-UhXNm+CFMWcbChXywFwkmhqjs3PRCmcSa/hfBgLIb7oQ5HNb1wS0icWsGtSAUNgefHeI+eBrA8I1fxmbHsGdvA==}
    engines: {node: '>=18.18.0'}

  '@humanfs/node@0.16.8':
    resolution: {integrity: sha512-gE1eQNZ3R++kTzFUpdGlpmy8kDZD/MLyHqDwqjkVQI0JMdI1D51sy1H958PNXYkM2rAac7e5/CnIKZrHtPh3BQ==}
    engines: {node: '>=18.18.0'}

  '@humanfs/types@0.15.0':
    resolution: {integrity: sha512-ZZ1w0aoQkwuUuC7Yf+7sdeaNfqQiiLcSRbfI08oAxqLtpXQr9AIVX7Ay7HLDuiLYAaFPu8oBYNq/QIi9URHJ3Q==}
    engines: {node: '>=18.18.0'}

  '@humanwhocodes/module-importer@1.0.1':
    resolution: {integrity: sha512-bxveV4V8v5Yb4ncFTT3rPSgZBOpCkjfK0y4oVVVJwIuDVBRMDXrPyXRL988i5ap9m9bnyEEjWfm5WkBmtffLfA==}
    engines: {node: '>=12.22'}

  '@humanwhocodes/retry@0.4.3':
    resolution: {integrity: sha512-bV0Tgo9K4hfPCek+aMAn81RppFKv2ySDQeMoSZuvTASywNTnVJCArCZE2FWqpvIatKu7VMRLWlR1EazvVhDyhQ==}
    engines: {node: '>=18.18'}

  '@img/colour@1.1.0':
    resolution: {integrity: sha512-Td76q7j57o/tLVdgS746cYARfSyxk8iEfRxewL9h4OMzYhbW4TAcppl0mT4eyqXddh6L/jwoM75mo7ixa/pCeQ==}
    engines: {node: '>=18'}

  '@img/sharp-darwin-arm64@0.34.5':
    resolution: {integrity: sha512-imtQ3WMJXbMY4fxb/Ndp6HBTNVtWCUI0WdobyheGf5+ad6xX8VIDO8u2xE4qc/fr08CKG/7dDseFtn6M6g/r3w==}
    engines: {node: ^18.17.0 || ^20.3.0 || >=21.0.0}
    cpu: [arm64]
    os: [darwin]

  '@img/sharp-darwin-x64@0.34.5':
    resolution: {integrity: sha512-YNEFAF/4KQ/PeW0N+r+aVVsoIY0/qxxikF2SWdp+NRkmMB7y9LBZAVqQ4yhGCm/H3H270OSykqmQMKLBhBJDEw==}
    engines: {node: ^18.17.0 || ^20.3.0 || >=21.0.0}
    cpu: [x64]
    os: [darwin]

  '@img/sharp-libvips-darwin-arm64@1.2.4':
    resolution: {integrity: sha512-zqjjo7RatFfFoP0MkQ51jfuFZBnVE2pRiaydKJ1G/rHZvnsrHAOcQALIi9sA5co5xenQdTugCvtb1cuf78Vf4g==}
    cpu: [arm64]
    os: [darwin]

  '@img/sharp-libvips-darwin-x64@1.2.4':
    resolution: {integrity: sha512-1IOd5xfVhlGwX+zXv2N93k0yMONvUlANylbJw1eTah8K/Jtpi15KC+WSiaX/nBmbm2HxRM1gZ0nSdjSsrZbGKg==}
    cpu: [x64]
    os: [darwin]

  '@img/sharp-libvips-linux-arm64@1.2.4':
    resolution: {integrity: sha512-excjX8DfsIcJ10x1Kzr4RcWe1edC9PquDRRPx3YVCvQv+U5p7Yin2s32ftzikXojb1PIFc/9Mt28/y+iRklkrw==}
    cpu: [arm64]
    os: [linux]
    libc: [glibc]

  '@img/sharp-libvips-linux-arm@1.2.4':
    resolution: {integrity: sha512-bFI7xcKFELdiNCVov8e44Ia4u2byA+l3XtsAj+Q8tfCwO6BQ8iDojYdvoPMqsKDkuoOo+X6HZA0s0q11ANMQ8A==}
    cpu: [arm]
    os: [linux]
    libc: [glibc]

  '@img/sharp-libvips-linux-ppc64@1.2.4':
    resolution: {integrity: sha512-FMuvGijLDYG6lW+b/UvyilUWu5Ayu+3r2d1S8notiGCIyYU/76eig1UfMmkZ7vwgOrzKzlQbFSuQfgm7GYUPpA==}
    cpu: [ppc64]
    os: [linux]
    libc: [glibc]

  '@img/sharp-libvips-linux-riscv64@1.2.4':
    resolution: {integrity: sha512-oVDbcR4zUC0ce82teubSm+x6ETixtKZBh/qbREIOcI3cULzDyb18Sr/Wcyx7NRQeQzOiHTNbZFF1UwPS2scyGA==}
    cpu: [riscv64]
    os: [linux]
    libc: [glibc]

  '@img/sharp-libvips-linux-s390x@1.2.4':
    resolution: {integrity: sha512-qmp9VrzgPgMoGZyPvrQHqk02uyjA0/QrTO26Tqk6l4ZV0MPWIW6LTkqOIov+J1yEu7MbFQaDpwdwJKhbJvuRxQ==}
    cpu: [s390x]
    os: [linux]
    libc: [glibc]

  '@img/sharp-libvips-linux-x64@1.2.4':
    resolution: {integrity: sha512-tJxiiLsmHc9Ax1bz3oaOYBURTXGIRDODBqhveVHonrHJ9/+k89qbLl0bcJns+e4t4rvaNBxaEZsFtSfAdquPrw==}
    cpu: [x64]
    os: [linux]
    libc: [glibc]

  '@img/sharp-libvips-linuxmusl-arm64@1.2.4':
    resolution: {integrity: sha512-FVQHuwx1IIuNow9QAbYUzJ+En8KcVm9Lk5+uGUQJHaZmMECZmOlix9HnH7n1TRkXMS0pGxIJokIVB9SuqZGGXw==}
    cpu: [arm64]
    os: [linux]
    libc: [musl]

  '@img/sharp-libvips-linuxmusl-x64@1.2.4':
    resolution: {integrity: sha512-+LpyBk7L44ZIXwz/VYfglaX/okxezESc6UxDSoyo2Ks6Jxc4Y7sGjpgU9s4PMgqgjj1gZCylTieNamqA1MF7Dg==}
    cpu: [x64]
    os: [linux]
    libc: [musl]

  '@img/sharp-linux-arm64@0.34.5':
    resolution: {integrity: sha512-bKQzaJRY/bkPOXyKx5EVup7qkaojECG6NLYswgktOZjaXecSAeCWiZwwiFf3/Y+O1HrauiE3FVsGxFg8c24rZg==}
    engines: {node: ^18.17.0 || ^20.3.0 || >=21.0.0}
    cpu: [arm64]
    os: [linux]
    libc: [glibc]

  '@img/sharp-linux-arm@0.34.5':
    resolution:#¾<×kh‘éì¶»§q«^vÇ6Æ74æÖSÒ&×BÓÆ–æRÖ6Æ×Ó"Ö‚×r×‡2FW‡B×‡2ÆVF–ærÓRFW‡BÖ×WFVBÖf÷&Vw&÷VæB#à¢¶’æFW67&—F–öçÐ¢Â÷à¢ÂõF&ÆT6VÆÃà¢ÅF&ÆT6VÆÂ6Æ74æÖSÒ'FW‡B×6ÒFW‡BÖ×WFVBÖf÷&Vw&÷VæB#ç¶’çW6VDf÷'ÓÂõF&ÆT6VÆÃà¢ÅF&ÆT6VÆÃà¢ÆF—b6Æ74æÖSÒ&fÆW‚fÆW‚×w&vÓ#à¢¶’æ6FVv÷&–W2ç6Æ–6RƒÂ"’æÖ‚†—FVÒ’ÓâÄ&FvR¶W“×¶—FV×Òf&–çCÒ&÷WFÆ–æR#ç¶—FV×ÓÂô&FvSâ—Ð¢ÂöF—cà¢ÂõF&ÆT6VÆÃà¢ÅF&ÆT6VÆÃà¢Ç7â6Æ74æÖSÒ&–æÆ–æRÖfÆW‚—FV×2Ö6VçFW"vÓãRFW‡B×‡2#à¢Ç7â6Æ74æÖSÒ'6—¦RÓãR&÷VæFVBÖgVÆÂ&rÖVÖW&ÆBÓS"óâ¶’æ66W77Ð¢Â÷7ãà¢ÂõF&ÆT6VÆÃà¢ÅF&ÆT6VÆÃà¢ÆF—b6Æ74æÖSÒ&fÆW‚fÆW‚×w&vÓ#à¢¶’ç&÷Fö6öÇ2æÖ‚†—FVÒ’ÓâÄ&FvR¶W“×¶—FV×Òf&–çCÒ'6V6öæF'’#ç¶—FV×ÓÂô&FvSâ—Ð¢ÂöF—cà¢ÂõF&ÆT6VÆÃà¢ÅF&ÆT6VÆÂ6Æ74æÖSÒ'"ÓFW‡B×&–v‡B#à¢ÆF—b6Æ74æÖSÒ&fÆW‚—FV×2Ö6VçFW"§W7F–g’ÖVæBvÓ#à¢Ä'WGFöâf&–çCÒ&v†÷7B"6—¦SÒ'6Ò"öä6Æ–6³×²‚’Óâ6÷”f÷$’†’—Ò6Æ74æÖSÒ'‚Ó"#à¢¶6÷–VD•6ÇVrÓÓÒ’ç6ÇVròÄ6†V6²6Æ74æÖSÒ'FW‡BÖVÖW&ÆBÓc"óâ¢Å7&¶ÆW2óçÐ¢¶6÷–VD•6ÇVrÓÓÒ’ç6ÇVrò$6÷–VB"¢$6÷’f÷"’'Ð¢Âô'WGFöãà¢Æ¢‡&Vc×¶’æFö7VÖVçFF–öåW&ÇÐ¢F&vWCÒ%ö&Ææ² ¢&VÃÒ&æ÷&VfW'&W" ¢6Æ74æÖS×¶6â†'WGFöåf&–çG2‡²f&–çC¢&v†÷7B"Â6—¦S¢'6Ò"Ò’Â'‚Ó""—Ð¢à¢Fö72ÄW‡FW&æÄÆ–æ²óà¢Âöà¢ÂöF—cà¢ÂõF&ÆT6VÆÃà¢ÂõF&ÆU&÷sà¢’—Ð¢ÂõF&ÆT&öG“à¢ÂõF&ÆSà¢ÂöF—cà ¢ÆF—b–CÒ&F—&V7F÷'’×&W7VÇG2ÖÖö&–ÆR"6Æ74æÖSÒ'67&öÆÂÖ×BÓBF—f–FR×’ÖC¦†–FFVâ#à¢·v–æFVBæÖ‚†’’Óâ€¢Æ'F–6ÆR¶W“×¶’ç6ÇVwÒ6Æ74æÖSÒ'’Ób#à¢ÆF—b6Æ74æÖSÒ&fÆW‚—FV×2×7F'B§W7F–g’Ö&WGvVVâvÓB#à¢ÆF—cà¢Æ‡&Vc×¶’çvV'6—FUW&ÇÒF&vWCÒ%ö&Ææ²"&VÃÒ&æ÷&VfW'&W""6Æ74æÖSÒ&föçB×6VÖ–&öÆB†÷fW#§VæFW&Æ–æR#à¢¶’ææÖWÐ¢Âöà¢Ç6Æ74æÖSÒ&×BÓ"FW‡B×6ÒÆVF–ærÓbFW‡BÖ×WFVBÖf÷&Vw&÷VæB#ç¶’æFW67&—F–öçÓÂ÷à¢ÂöF—cà¢Æ‡&Vc×¶’æFö7VÖVçFF–öåW&ÇÒF&vWCÒ%ö&Ææ²"&VÃÒ&æ÷&VfW'&W""&–ÖÆ&VÃ×¶G¶’ææÖWÒFö7VÖVçFF–öæÓà¢ÄW‡FW&æÄÆ–æ²6Æ74æÖSÒ'6—¦RÓBFW‡BÖ×WFVBÖf÷&Vw&÷VæB"óà¢Âöà¢ÂöF—cà¢ÆF—b6Æ74æÖSÒ&×BÓBfÆW‚fÆW‚×w&vÓãR#à¢¶’æ6FVv÷&–W2ç6Æ–6RƒÂ"’æÖ‚†—FVÒ’ÓâÄ&FvR¶W“×¶—FV×Òf&–çCÒ&÷WFÆ–æR#ç¶—FV×ÓÂô&FvSâ—Ð¢¶’ç&÷Fö6öÇ2æÖ‚†—FVÒ’ÓâÄ&FvR¶W“×¶—FV×Òf&–çCÒ'6V6öæF'’#ç¶—FV×ÓÂô&FvSâ—Ð¢ÂöF—cà¢Ç6Æ74æÖSÒ&×BÓBFW‡B×‡2FW‡BÖ×WFVBÖf÷&Vw&÷VæB#ç¶’çW6VDf÷'Ò+rfW&–f–VB¶’æÆ7EfW&–f–VDGÓÂ÷à¢Ä'WGFöâf&–çCÒ&÷WFÆ–æR"6—¦SÒ'6Ò"6Æ74æÖSÒ&×BÓB"öä6Æ–6³×²‚’Óâ6÷”f÷$’†’—Óà¢¶6÷–VD•6ÇVrÓÓÒ’ç6ÇVròÄ6†V6²6Æ74æÖSÒ'FW‡BÖVÖW&ÆBÓc"óâ¢Å7&¶ÆW2óçÐ¢¶6÷–VD•6ÇVrÓÓÒ’ç6ÇVrò$6÷–VBf÷"’"¢$6÷’f÷"’'Ð¢Âô'WGFöãà¢Âö'F–6ÆSà¢’—Ð¢ÂöF—cà ¢¶f–ÇFW&VBæÆVæwF‚ÓÓÒbb€¢ÆF—b6Æ74æÖSÒ'’Ó#FW‡BÖ6VçFW"#à¢Ç6Æ74æÖSÒ&föçBÖÖVF—VÒ#äæò—2f÷VæCÂ÷à¢Ç6Æ74æÖSÒ&×BÓ"FW‡B×6ÒFW‡BÖ×WFVBÖf÷&Vw&÷VæB#åG'’æ÷F†W"6V&6‚÷"&W6WBF†Rf–ÇFW'2ãÂ÷à¢Ä'WGFöâf&–çCÒ&÷WFÆ–æR"6Æ74æÖSÒ&×BÓR"öä6Æ–6³×·&W6WDf–ÇFW'7Óå&W6WBf–ÇFW'3Âô'WGFöãà¢ÂöF—cà¢—Ð ¢¶f–ÇFW&VBæÆVæwF‚âtUõ4•¤Rbb€¢Ææ`¢6Æ74æÖSÒ&fÆW‚fÆW‚Ö6öÂvÓB&÷&FW"Ö"’ÓR6Ó¦fÆW‚×&÷r6Ó¦—FV×2Ö6VçFW"6Ó¦§W7F–g’Ö&WGvVVâ ¢&–ÖÆ&VÃÒ$’F—&V7F÷'’v–æF–öâ ¢à¢Ç6Æ74æÖSÒ'FW‡B×6ÒFW‡BÖ×WFVBÖf÷&Vw&÷VæB#à¢6†÷v–ær¶f—'7Ef—6–&ÆWÒfæF6ƒ·¶Æ7Ef—6–&ÆWÒöb¶f–ÇFW&VBæÆVæwF‡Ò—0¢Â÷à¢ÆF—b6Æ74æÖSÒ&fÆW‚—FV×2Ö6VçFW"vÓ#à¢Ä'WGFöà¢f&–çCÒ&v†÷7B ¢6—¦SÒ'6Ò ¢öä6Æ–6³×²‚’Óâ6†ævUvR†7W'&VçEvRÒ—Ð¢F—6&ÆVC×¶7W'&VçEvRÓÓÒÐ¢&–ÖÆ&VÃÒ%&Wf–÷W2vR ¢à¢Ä6†Wg&öäÆVgBóâ&Wf–÷W0¢Âô'WGFöãà¢·v–æF–öä—FV×2æÖ‚†—FVÒ’Óà¢G—Vöb—FVÒÓÓÒ&çVÖ&W""ò€¢Ä'WGFöà¢¶W“×¶—FV×Ð¢f&–çC×¶—FVÒÓÓÒ7W'&VçEvRò'6V6öæF'’"¢&v†÷7B'Ð¢6—¦SÒ&–6öâ ¢6Æ74æÖSÒ'6—¦RÓ‚FW‡B×‡2 ¢öä6Æ–6³×²‚’Óâ6†ævUvR†—FVÒ—Ð¢&–ÖÆ&VÃ×¶vRG¶—FV×ÖÐ¢&–Ö7W'&VçC×¶—FVÒÓÓÒ7W'&VçEvRò'vR"¢VæFVf–æVGÐ¢à¢¶—FV×Ð¢Âô'WGFöãà¢’¢€¢Ç7â¶W“×¶—FV×Ò6Æ74æÖSÒ&w&–B6—¦RÓ‚Æ6RÖ—FV×2Ö6VçFW"FW‡B×6ÒFW‡BÖ×WFVBÖf÷&Vw&÷VæB#à¢f†VÆÆ—°¢Â÷7ãà¢’À¢—Ð¢Ä'WGFöà¢f&–çCÒ&v†÷7B ¢6—¦SÒ'6Ò ¢öä6Æ–6³×²‚’Óâ6†ævUvR†7W'&VçEvR²—Ð¢F—6&ÆVC×¶7W'&VçEvRÓÓÒF÷FÅvW7Ð¢&–ÖÆ&VÃÒ$æW‡BvR ¢à¢æW‡BÄ6†Wg&öå&–v‡Bóà¢Âô'WGFöãà¢ÂöF—cà¢Âöæcà¢—Ð¢Â÷6V7F–öãà ¢Æfö÷FW"6Æ74æÖSÒ&&÷&FW"×B#à¢ÆF—b6Æ74æÖSÒ&×‚ÖWFòfÆW‚Ö‚×rÕ³CC…ÒfÆW‚Ö6öÂvÓB‚ÓB’Ó‚FW‡B×6ÒFW‡BÖ×WFVBÖf÷&Vw&÷VæB6Ó¦fÆW‚×&÷r6Ó¦—FV×2Ö6VçFW"6Ó¦§W7F–g’Ö&WGvVVâ6Ó§‚ÓbÆs§‚Ó‚#à¢Çäâ÷VâF—&V7F÷'’öb7'—Fö7W'&Væ7’—2ãÂ÷à¢ÆF—b6Æ74æÖSÒ&fÆW‚vÓR#à¢Æ‡&Vc×¶'V–ÆFW%W&ÇÒF&vWCÒ%ö&Ææ²"&VÃÒ&æ÷&VfW'&W""6Æ74æÖSÒ&†÷fW#§FW‡BÖf÷&Vw&÷VæB#ä'V–ÇB'’&ö'7g#Âöà¢ÂöF—cà¢ÂöF—cà¢Âöfö÷FW#à ¢·7W÷'D÷Vâbb€¢ÆF—b6Æ74æÖSÒ&f—†VB–ç6WBÓ¢ÓSw&–BÆ6RÖ—FV×2Ö6VçFW"&rÖ&Æ6²ó3ÓB&6¶G&÷Ö&ÇW"×6Ò"öäÖ÷W6TF÷vã×²‚’Óâ6WE7W÷'D÷Vâ†fÇ6R—Óà¢ÆF—b6Æ74æÖSÒ'rÖgVÆÂÖ‚×rÖÖB&÷VæFVB×†Â&÷&FW"&rÖ&6¶w&÷VæBÓb6†F÷rÓ'†Â"öäÖ÷W6TF÷vã×²†WfVçB’ÓâWfVçBç7F÷&÷vF–öâ‚—Óà¢ÆF—b6Æ74æÖSÒ&fÆW‚—FV×2×7F'B§W7F–g’Ö&WGvVVâvÓB#à¢ÆF—cà¢Æƒ"6Æ74æÖSÒ'FW‡BÖÆrföçB×6VÖ–&öÆB#å7W÷'BF†RF—&V7F÷'“Âöƒ#à¢Ç6Æ74æÖSÒ&×BÓ"FW‡B×6ÒÆVF–ærÓbFW‡BÖ×WFVBÖf÷&Vw&÷VæB#à¢FöæF–öç2†VÇ6÷fW"†÷7F–ærÂÖöæ—F÷&–ærÂæB’fW&–f–6F–öâà¢Â÷à¢ÂöF—cà¢Ä'WGFöâf&–çCÒ&v†÷7B"6—¦SÒ&–6öâ"öä6Æ–6³×²‚’Óâ6WE7W÷'D÷Vâ†fÇ6R—Ò&–ÖÆ&VÃÒ$6Æ÷6R#à¢Å‚óà¢Âô'WGFöãà¢ÂöF—cà¢¶FöæF–öäFG&W72ò€¢ÆF—b6Æ74æÖSÒ&×BÓb#à¢Ç6Æ74æÖSÒ'FW‡B×‡2föçBÖÖVF—VÒWW&66RG&6¶–ær×v–FW"FW‡BÖ×WFVBÖf÷&Vw&÷VæB#ç¶FöæF–öäæWGv÷&·ÓÂ÷à¢Æ'WGFöà¢öä6Æ–6³×¶6÷”FöæF–öçÐ¢6Æ74æÖSÒ&×BÓ"fÆW‚rÖgVÆÂ—FV×2Ö6VçFW"§W7F–g’Ö&WGvVVâvÓ2&÷VæFVBÖÆr&÷&FW"&rÖ×WFVBóCÓ2FW‡BÖÆVgBföçBÖÖöæòFW‡B×‡2†÷fW#¦&rÖ×WFVB ¢à¢Ç7â6Æ74æÖSÒ'G'Væ6FR#ç¶FöæF–öäFG&W77ÓÂ÷7ãà¢¶6÷–VBòÄ6†V6²6Æ74æÖSÒ'6—¦RÓB6‡&–æ²ÓFW‡BÖVÖW&ÆBÓc"óâ¢Ä6÷’6Æ74æÖSÒ'6—¦RÓB6‡&–æ²Ó"óçÐ¢Âö'WGFöãà¢Ç6Æ74æÖSÒ&×BÓ2FW‡B×‡2FW‡BÖ×WFVBÖf÷&Vw&÷VæB#äöæÇ’6VæBgVæG2W6–ærF†RæWGv÷&²6†÷vâ&÷fRãÂ÷à¢ÂöF—cà¢’¢€¢ÆF—b6Æ74æÖSÒ&×BÓb&÷VæFVBÖÆr&÷&FW"&÷&FW"ÖF6†VBÓBFW‡B×6ÒFW‡BÖ×WFVBÖf÷&Vw&÷VæB#à¢F†RFöæF–öâvÆÆWBv–ÆÂ&RV&Æ—6†VBgFW"ÆVæ6‚à¢ÂöF—cà¢—Ð¢ÂöF—cà¢ÂöF—cà¢—Ð¢ÂöÖ–ãà¢§Ð ¦gVæ7F–öâf–ÇFW%6VÆV7B‡°¢fÇVRÀ¢öä6†ævRÀ¢Æ&VÂÀ¢÷F–öç2À¢÷F–öä6÷VçG2À§Ó¢°¢fÇVS¢7G&–æp¢öä6†ævS¢‡fÇVS¢7G&–ær’Óâfö–@¢Æ&VÃ¢7G&–æp¢÷F–öç3¢7G&–æuµÐ¢÷F–öä6÷VçG3ó¢&V6÷&CÇ7G&–ærÂçVÖ&W#à§Ò’°¢&WGW&â€¢ÆF—b6Æ74æÖSÒ'&VÆF—fR#à¢Ç6VÆV7@¢fÇVS×·fÇVWÐ¢öä6†ævS×²†WfVçB’Óâöä6†ævR†WfVçBçF&vWBçfÇVR—Ð¢6Æ74æÖSÒ&‚ÓrÖgVÆÂV&æ6RÖæöæR&÷VæFVBÖÖB&÷&FW"&÷&FW"Ö–çWB&rÖ&6¶w&÷VæB‚Ó2"Ó’FW‡B×6Ò÷WFÆ–æRÖæöæRfö7W2×f—6–&ÆS§&–ærÓ"fö7W2×f—6–&ÆS§&–ær×&–ær ¢à¢Æ÷F–öâfÇVSÒ&ÆÂ#ç¶Æ&VÇÓÂö÷F–öãà¢¶÷F–öç2æÖ‚†÷F–öâ’Óâ€¢Æ÷F–öâfÇVS×¶÷F–öçÒ¶W“×¶÷F–öçÓà¢¶÷F–öä6÷VçG2òG¶÷F–öçÒ‚G¶÷F–öä6÷VçG5¶÷F–öåÒóòÒ–¢÷F–öçÐ¢Âö÷F–öãà¢’—Ð¢Â÷6VÆV7Cà¢Ä6†Wg&öäF÷vâ6Æ74æÖSÒ'ö–çFW"ÖWfVçG2ÖæöæR'6öÇWFR&–v‡BÓ2F÷Óó"6—¦RÓB×G&ç6ÆFR×’Óó"FW‡BÖ×WFVBÖf÷&Vw&÷VæB"óà¢ÂöF—cà¢§Ð ¦gVæ7F–öâvWEv–æF–öä—FV×2†7W'&VçEvS¢çVÖ&W"ÂF÷FÅvW3¢çVÖ&W"’°¢–b‡F÷FÅvW2ÃÒr’&WGW&â'&’æg&öÒ‡²ÆVæwFƒ¢F÷FÅvW2ÒÂ…òÂ–æFW‚’Óâ–æFW‚² ¢6öç7B—FV×3¢'&“ÆçVÖ&W"Â&VÆÆ—6—2ÖÆVgB"Â&VÆÆ—6—2×&–v‡B#âÒ³Ð¢6öç7B7F'BÒÖF‚æÖ‚ƒ"Â7W'&VçEvRÒ¢6öç7BVæBÒÖF‚æÖ–â‡F÷FÅvW2ÒÂ7W'&VçEvR² ¢–b‡7F'Bâ"’—FV×2çW6‚‚&VÆÆ—6—2ÖÆVgB"¢f÷"†ÆWBvRÒ7F'C²vRÃÒVæC²vR³Ò’—FV×2çW6‚‡vR¢–b†VæBÂF÷FÅvW2Ò’—FV×2çW6‚‚&VÆÆ—6—2×&–v‡B"¢—FV×2çW6‚‡F÷FÅvW2 ¢&WGW&â—FV×0§Ð ¦gVæ7F–öâ„Æövò‡&÷3¢5du&÷3Å5du5dtVÆVÖVçCâ’°¢&WGW&â€¢Ç7frf–Wt&÷ƒÒ##B#B"f–ÆÃÒ&7W'&VçD6öÆ÷""&–Ö†–FFVãÒ'G'VR"²ââç&÷7Óà¢ÇF‚CÒ$Ó‚ã“ãS6ƒ2ãc†ÂÓ‚ãB’ã”Ã#B#"ãƒCf‚ÓrãCfÂÓRã‚ÓrãSƒBÓbãc3‚rãSƒD‚ãCsFÃ‚ãCƒrÓ’ãs$ÃãS6ƒrãS“FÃRã#C2bã“3"bãcBÓbã“35¦ÒÓã#“2’ãC“ƒ"ã3”ÃbãCƒb2ã#DƒBã#“†Ã2ã3rãCE¢"óà¢Â÷7fsà¢§Ð